# THIS IS AN AUTOGENERATED FILE. DO NOT EDIT THIS FILE DIRECTLY.
# yarn lockfile v1


"@materializecss/materialize@^2.2.2":
  version "2.2.2"
  resolved "https://registry.yarnpkg.com/@materializecss/materialize/-/materialize-2.2.2.tgz#97d55243ce0ffdf3046b1f1f47473d56e5305f6c"
  integrity sha512-9po513r3T7LPEIzVR9W8Xz+iPmMmdf92M7+vLLS+L8n1Z0baidpH74adj4X9a+PEzhtd7NFeCvJSyTBtkojuVw==
